
Microsoft Visual Studio Solution File, Format Version 12.00
# Visual Studio 15
VisualStudioVersion = 15.0.28307.168
MinimumVisualStudioVersion = 10.0.40219.1
Project("{FAE04EC0-301F-11D3-BF4B-00C04F79EFBC}") = "CustomSpriteOverlay", "CustomSpriteOverlay\CustomSpriteOverlay.csproj", "{7F313182-B17E-43B0-A612-48C5364910DC}"
EndProject
Global
	GlobalSection(SolutionConfigurationPlatforms) = preSolution
		Debug|Any CPU = Debug|Any CPU
		Release|Any CPU = Release|Any CPU
	EndGlobalSection
	GlobalSection(ProjectConfigurationPlatforms) = postSolution
		{7F313182-B17E-43B0-A612-48C5364910DC}.Debug|Any CPU.ActiveCfg = Debug|Any CPU
		{7F313182-B17E-43B0-A612-48C5364910DC}.Debug|Any CPU.Build.0 = Debug|Any CPU
		{7F313182-B17E-43B0-A612-48C5364910DC}.Release|Any CPU.ActiveCfg = Release|Any CPU
		{7F313182-B17E-43B0-A612-48C5364910DC}.Release|Any CPU.Build.0 = Release|Any CPU
	EndGlobalSection
	GlobalSection(SolutionProperties) = preSolution
		HideSolutionNode = FALSE
	EndGlobalSection
	GlobalSection(ExtensibilityGlobals) = postSolution
		SolutionGuid = {04275AE4-9475-4B12-9048-311A0F8E22A7}
	EndGlobalSection
EndGlobal
