
Microsoft Visual Studio Solution File, Format Version 12.00
# Visual Studio 15
VisualStudioVersion = 15.0.28307.168
MinimumVisualStudioVersion = 10.0.40219.1
Project("{FAE04EC0-301F-11D3-BF4B-00C04F79EFBC}") = "GasOverlay", "GasOverlay\GasOverlay.csproj", "{4475E088-4830-4BB4-BC97-FC8ACC18AFCB}"
EndProject
Project("{FAE04EC0-301F-11D3-BF4B-00C04F79EFBC}") = "MaterialColor", "MaterialColor\MaterialColor.csproj", "{FAAB5987-0B05-4114-808E-6C95D9EEA378}"
EndProject
Global
	GlobalSection(SolutionConfigurationPlatforms) = preSolution
		Debug|Any CPU = Debug|Any CPU
		Release|Any CPU = Release|Any CPU
	EndGlobalSection
	GlobalSection(ProjectConfigurationPlatforms) = postSolution
		{4475E088-4830-4BB4-BC97-FC8ACC18AFCB}.Debug|Any CPU.ActiveCfg = Debug|Any CPU
		{4475E088-4830-4BB4-BC97-FC8ACC18AFCB}.Debug|Any CPU.Build.0 = Debug|Any CPU
		{4475E088-4830-4BB4-BC97-FC8ACC18AFCB}.Release|Any CPU.ActiveCfg = Release|Any CPU
		{4475E088-4830-4BB4-BC97-FC8ACC18AFCB}.Release|Any CPU.Build.0 = Release|Any CPU
		{FAAB5987-0B05-4114-808E-6C95D9EEA378}.Debug|Any CPU.ActiveCfg = Debug|Any CPU
		{FAAB5987-0B05-4114-808E-6C95D9EEA378}.Debug|Any CPU.Build.0 = Debug|Any CPU
		{FAAB5987-0B05-4114-808E-6C95D9EEA378}.Release|Any CPU.ActiveCfg = Release|Any CPU
		{FAAB5987-0B05-4114-808E-6C95D9EEA378}.Release|Any CPU.Build.0 = Release|Any CPU
	EndGlobalSection
	GlobalSection(SolutionProperties) = preSolution
		HideSolutionNode = FALSE
	EndGlobalSection
	GlobalSection(ExtensibilityGlobals) = postSolution
		SolutionGuid = {04275AE4-9475-4B12-9048-311A0F8E22A7}
	EndGlobalSection
EndGlobal
