
Microsoft Visual Studio Solution File, Format Version 12.00
# Visual Studio 15
VisualStudioVersion = 15.0.28307.168
MinimumVisualStudioVersion = 10.0.40219.1
Project("{FAE04EC0-301F-11D3-BF4B-00C04F79EFBC}") = "GasOverlay", "GasOverlay\GasOverlay.csproj", "{4475E088-4830-4BB4-BC97-FC8ACC18AFCB}"
	ProjectSection(ProjectDependencies) = postProject
		{B0FE7A0A-C62D-41AE-94B3-DA3429806A29} = {B0FE7A0A-C62D-41AE-94B3-DA3429806A29}
	EndProjectSection
EndProject
Project("{FAE04EC0-301F-11D3-BF4B-00C04F79EFBC}") = "MaterialColor", "MaterialColor\MaterialColor.csproj", "{FAAB5987-0B05-4114-808E-6C95D9EEA378}"
	ProjectSection(ProjectDependencies) = postProject
		{B0FE7A0A-C62D-41AE-94B3-DA3429806A29} = {B0FE7A0A-C62D-41AE-94B3-DA3429806A29}
	EndProjectSection
EndProject
Project("{FAE04EC0-301F-11D3-BF4B-00C04F79EFBC}") = "FreeCamera", "FreeCamera\FreeCamera.csproj", "{3E4C5F26-692B-4FCD-B683-6D5FAAEFF7D9}"
EndProject
Project("{FAE04EC0-301F-11D3-BF4B-00C04F79EFBC}") = "RemoveDailyReports", "SaveNoDailyReports\RemoveDailyReports.csproj", "{D45B80B8-8950-4ED4-8ED8-3A044FF4D9C9}"
EndProject
Project("{2150E333-8FDC-42A3-9474-1A3956D46DE8}") = "Tools", "Tools", "{1F044442-F653-43D6-A7FD-7C740EC0272A}"
EndProject
Project("{FAE04EC0-301F-11D3-BF4B-00C04F79EFBC}") = "BenchmarkGasOverlay", "Tools\BenchmarkGasOverlay\BenchmarkGasOverlay.csproj", "{F10B8EE2-8869-46E1-A0F3-8BC189DFA55E}"
EndProject
Project("{FAE04EC0-301F-11D3-BF4B-00C04F79EFBC}") = "ClearRegolith", "Tools\ClearRegolith\ClearRegolith.csproj", "{886D1096-5D6B-4F42-A793-1CDF6F73E96B}"
EndProject
Project("{FAE04EC0-301F-11D3-BF4B-00C04F79EFBC}") = "CustomTemperatureOverlay", "CustomTemperatureOverlay\CustomTemperatureOverlay.csproj", "{92E021FE-3CCC-43B1-984D-9C48CA427610}"
	ProjectSection(ProjectDependencies) = postProject
		{B0FE7A0A-C62D-41AE-94B3-DA3429806A29} = {B0FE7A0A-C62D-41AE-94B3-DA3429806A29}
	EndProjectSection
EndProject
Project("{2150E333-8FDC-42A3-9474-1A3956D46DE8}") = "Tools", "Tools", "{4B020951-E9C9-4F45-8649-B12F004B239C}"
EndProject
Project("{FAE04EC0-301F-11D3-BF4B-00C04F79EFBC}") = "Common", "Tools\Common\Common.csproj", "{B0FE7A0A-C62D-41AE-94B3-DA3429806A29}"
EndProject
Global
	GlobalSection(SolutionConfigurationPlatforms) = preSolution
		Debug|Any CPU = Debug|Any CPU
		Release|Any CPU = Release|Any CPU
	EndGlobalSection
	GlobalSection(ProjectConfigurationPlatforms) = postSolution
		{4475E088-4830-4BB4-BC97-FC8ACC18AFCB}.Debug|Any CPU.ActiveCfg = Debug|Any CPU
		{4475E088-4830-4BB4-BC97-FC8ACC18AFCB}.Debug|Any CPU.Build.0 = Debug|Any CPU
		{4475E088-4830-4BB4-BC97-FC8ACC18AFCB}.Release|Any CPU.ActiveCfg = Release|Any CPU
		{4475E088-4830-4BB4-BC97-FC8ACC18AFCB}.Release|Any CPU.Build.0 = Release|Any CPU
		{FAAB5987-0B05-4114-808E-6C95D9EEA378}.Debug|Any CPU.ActiveCfg = Debug|Any CPU
		{FAAB5987-0B05-4114-808E-6C95D9EEA378}.Debug|Any CPU.Build.0 = Debug|Any CPU
		{FAAB5987-0B05-4114-808E-6C95D9EEA378}.Release|Any CPU.ActiveCfg = Release|Any CPU
		{FAAB5987-0B05-4114-808E-6C95D9EEA378}.Release|Any CPU.Build.0 = Release|Any CPU
		{3E4C5F26-692B-4FCD-B683-6D5FAAEFF7D9}.Debug|Any CPU.ActiveCfg = Debug|Any CPU
		{3E4C5F26-692B-4FCD-B683-6D5FAAEFF7D9}.Debug|Any CPU.Build.0 = Debug|Any CPU
		{3E4C5F26-692B-4FCD-B683-6D5FAAEFF7D9}.Release|Any CPU.ActiveCfg = Release|Any CPU
		{3E4C5F26-692B-4FCD-B683-6D5FAAEFF7D9}.Release|Any CPU.Build.0 = Release|Any CPU
		{D45B80B8-8950-4ED4-8ED8-3A044FF4D9C9}.Debug|Any CPU.ActiveCfg = Debug|Any CPU
		{D45B80B8-8950-4ED4-8ED8-3A044FF4D9C9}.Debug|Any CPU.Build.0 = Debug|Any CPU
		{D45B80B8-8950-4ED4-8ED8-3A044FF4D9C9}.Release|Any CPU.ActiveCfg = Release|Any CPU
		{D45B80B8-8950-4ED4-8ED8-3A044FF4D9C9}.Release|Any CPU.Build.0 = Release|Any CPU
		{F10B8EE2-8869-46E1-A0F3-8BC189DFA55E}.Debug|Any CPU.ActiveCfg = Debug|Any CPU
		{F10B8EE2-8869-46E1-A0F3-8BC189DFA55E}.Debug|Any CPU.Build.0 = Debug|Any CPU
		{F10B8EE2-8869-46E1-A0F3-8BC189DFA55E}.Release|Any CPU.ActiveCfg = Release|Any CPU
		{F10B8EE2-8869-46E1-A0F3-8BC189DFA55E}.Release|Any CPU.Build.0 = Release|Any CPU
		{886D1096-5D6B-4F42-A793-1CDF6F73E96B}.Debug|Any CPU.ActiveCfg = Debug|Any CPU
		{886D1096-5D6B-4F42-A793-1CDF6F73E96B}.Debug|Any CPU.Build.0 = Debug|Any CPU
		{886D1096-5D6B-4F42-A793-1CDF6F73E96B}.Release|Any CPU.ActiveCfg = Release|Any CPU
		{886D1096-5D6B-4F42-A793-1CDF6F73E96B}.Release|Any CPU.Build.0 = Release|Any CPU
		{92E021FE-3CCC-43B1-984D-9C48CA427610}.Debug|Any CPU.ActiveCfg = Debug|Any CPU
		{92E021FE-3CCC-43B1-984D-9C48CA427610}.Debug|Any CPU.Build.0 = Debug|Any CPU
		{92E021FE-3CCC-43B1-984D-9C48CA427610}.Release|Any CPU.ActiveCfg = Release|Any CPU
		{92E021FE-3CCC-43B1-984D-9C48CA427610}.Release|Any CPU.Build.0 = Release|Any CPU
		{B0FE7A0A-C62D-41AE-94B3-DA3429806A29}.Debug|Any CPU.ActiveCfg = Debug|Any CPU
		{B0FE7A0A-C62D-41AE-94B3-DA3429806A29}.Debug|Any CPU.Build.0 = Debug|Any CPU
		{B0FE7A0A-C62D-41AE-94B3-DA3429806A29}.Release|Any CPU.ActiveCfg = Release|Any CPU
		{B0FE7A0A-C62D-41AE-94B3-DA3429806A29}.Release|Any CPU.Build.0 = Release|Any CPU
	EndGlobalSection
	GlobalSection(SolutionProperties) = preSolution
		HideSolutionNode = FALSE
	EndGlobalSection
	GlobalSection(NestedProjects) = preSolution
		{B0FE7A0A-C62D-41AE-94B3-DA3429806A29} = {4B020951-E9C9-4F45-8649-B12F004B239C}
		{F10B8EE2-8869-46E1-A0F3-8BC189DFA55E} = {1F044442-F653-43D6-A7FD-7C740EC0272A}
		{886D1096-5D6B-4F42-A793-1CDF6F73E96B} = {1F044442-F653-43D6-A7FD-7C740EC0272A}
	EndGlobalSection
	GlobalSection(ExtensibilityGlobals) = postSolution
		SolutionGuid = {04275AE4-9475-4B12-9048-311A0F8E22A7}
	EndGlobalSection
EndGlobal
